
Microsoft Visual Studio Solution File, Format Version 12.00
# Visual Studio Version 16
VisualStudioVersion = 16.0.32630.194
MinimumVisualStudioVersion = 10.0.40219.1
Project("{FAE04EC0-301F-11D3-BF4B-00C04F79EFBC}") = "ForSakutin", "ForSakutin.csproj", "{AFE98028-F67D-40FC-9288-98E345C9CC23}"
EndProject
Global
	GlobalSection(SolutionConfigurationPlatforms) = preSolution
		Debug|Any CPU = Debug|Any CPU
		Release|Any CPU = Release|Any CPU
	EndGlobalSection
	GlobalSection(ProjectConfigurationPlatforms) = postSolution
		{AFE98028-F67D-40FC-9288-98E345C9CC23}.Debug|Any CPU.ActiveCfg = Debug|Any CPU
		{AFE98028-F67D-40FC-9288-98E345C9CC23}.Debug|Any CPU.Build.0 = Debug|Any CPU
		{AFE98028-F67D-40FC-9288-98E345C9CC23}.Release|Any CPU.ActiveCfg = Release|Any CPU
		{AFE98028-F67D-40FC-9288-98E345C9CC23}.Release|Any CPU.Build.0 = Release|Any CPU
	EndGlobalSection
	GlobalSection(SolutionProperties) = preSolution
		HideSolutionNode = FALSE
	EndGlobalSection
	GlobalSection(ExtensibilityGlobals) = postSolution
		SolutionGuid = {8EE4D206-F300-44C1-BB21-2FE3C97A9B39}
	EndGlobalSection
EndGlobal
